
Microsoft Visual Studio Solution File, Format Version 12.00
# Visual Studio Version 16
VisualStudioVersion = 16.0.36631.11
MinimumVisualStudioVersion = 10.0.40219.1
Project("{8BC9CEB8-8B4A-11D0-8D11-00A0C91BC942}") = "Exo16", "Exo16\Exo16.vcxproj", "{24638B0D-D58A-4A8B-9933-71B89036AFDC}"
EndProject
Global
	GlobalSection(SolutionConfigurationPlatforms) = preSolution
		Debug|x64 = Debug|x64
		Debug|x86 = Debug|x86
		Release|x64 = Release|x64
		Release|x86 = Release|x86
	EndGlobalSection
	GlobalSection(ProjectConfigurationPlatforms) = postSolution
		{24638B0D-D58A-4A8B-9933-71B89036AFDC}.Debug|x64.ActiveCfg = Debug|x64
		{24638B0D-D58A-4A8B-9933-71B89036AFDC}.Debug|x64.Build.0 = Debug|x64
		{24638B0D-D58A-4A8B-9933-71B89036AFDC}.Debug|x86.ActiveCfg = Debug|Win32
		{24638B0D-D58A-4A8B-9933-71B89036AFDC}.Debug|x86.Build.0 = Debug|Win32
		{24638B0D-D58A-4A8B-9933-71B89036AFDC}.Release|x64.ActiveCfg = Release|x64
		{24638B0D-D58A-4A8B-9933-71B89036AFDC}.Release|x64.Build.0 = Release|x64
		{24638B0D-D58A-4A8B-9933-71B89036AFDC}.Release|x86.ActiveCfg = Release|Win32
		{24638B0D-D58A-4A8B-9933-71B89036AFDC}.Release|x86.Build.0 = Release|Win32
	EndGlobalSection
	GlobalSection(SolutionProperties) = preSolution
		HideSolutionNode = FALSE
	EndGlobalSection
	GlobalSection(ExtensibilityGlobals) = postSolution
		SolutionGuid = {85DF2D9B-E32B-40CB-95FA-C4438A936FDB}
	EndGlobalSection
EndGlobal
